
Microsoft Visual Studio Solution File, Format Version 12.00
# Visual Studio Version 17
VisualStudioVersion = 17.8.34525.116
MinimumVisualStudioVersion = 10.0.40219.1
Project("{9A19103F-16F7-4668-BE54-9A1E7A4F7556}") = "NAMO.WebApi", "NAMO.WebApi\NAMO.WebApi.csproj", "{931C4F54-FAE4-48C4-BF33-EC1E14815CEF}"
EndProject
Project("{2150E333-8FDC-42A3-9474-1A3956D46DE8}") = "1 - Presentation", "1 - Presentation", "{8D82A8D0-A991-4F07-B921-0311F4444E0F}"
EndProject
Project("{2150E333-8FDC-42A3-9474-1A3956D46DE8}") = "2 - Core", "2 - Core", "{71A6C56C-846A-4CD6-A46B-4CA10A5638B7}"
EndProject
Project("{9A19103F-16F7-4668-BE54-9A1E7A4F7556}") = "NAMO.Application", "NAMO.Application\NAMO.Application.csproj", "{F80750AB-4FFB-465B-8847-28EF110CB80F}"
EndProject
Project("{2150E333-8FDC-42A3-9474-1A3956D46DE8}") = "3 - Infrastructure", "3 - Infrastructure", "{18A5EEE3-0C99-4983-9574-8DD137D7F386}"
EndProject
Project("{9A19103F-16F7-4668-BE54-9A1E7A4F7556}") = "NAMO.Infrastructure", "NAMO.Infrastructure\NAMO.Infrastructure.csproj", "{6EE05378-E58F-49A5-A399-B3C97473BE0E}"
EndProject
Project("{9A19103F-16F7-4668-BE54-9A1E7A4F7556}") = "NAMO.Persistence", "NAMO.Persistence\NAMO.Persistence.csproj", "{E2381DCD-C85E-409B-BC04-B83689879EDB}"
EndProject
Project("{9A19103F-16F7-4668-BE54-9A1E7A4F7556}") = "NAMO.Domain", "NAMO.Domain\NAMO.Domain.csproj", "{FB1BD749-DEF3-47AE-B99A-088309677724}"
EndProject
Project("{2150E333-8FDC-42A3-9474-1A3956D46DE8}") = "4 - Tests", "4 - Tests", "{D7979EA9-0323-4496-A6FE-87CBC9FFF20B}"
EndProject
Project("{FAE04EC0-301F-11D3-BF4B-00C04F79EFBC}") = "NAMO.Tests", "NAMO.Tests\NAMO.Tests.csproj", "{F4C8734D-BEB8-4A7E-925D-58DE1322D0C2}"
EndProject
Global
	GlobalSection(SolutionConfigurationPlatforms) = preSolution
		Debug|Any CPU = Debug|Any CPU
		Release|Any CPU = Release|Any CPU
	EndGlobalSection
	GlobalSection(ProjectConfigurationPlatforms) = postSolution
		{931C4F54-FAE4-48C4-BF33-EC1E14815CEF}.Debug|Any CPU.ActiveCfg = Debug|Any CPU
		{931C4F54-FAE4-48C4-BF33-EC1E14815CEF}.Debug|Any CPU.Build.0 = Debug|Any CPU
		{931C4F54-FAE4-48C4-BF33-EC1E14815CEF}.Release|Any CPU.ActiveCfg = Release|Any CPU
		{931C4F54-FAE4-48C4-BF33-EC1E14815CEF}.Release|Any CPU.Build.0 = Release|Any CPU
		{F80750AB-4FFB-465B-8847-28EF110CB80F}.Debug|Any CPU.ActiveCfg = Debug|Any CPU
		{F80750AB-4FFB-465B-8847-28EF110CB80F}.Debug|Any CPU.Build.0 = Debug|Any CPU
		{F80750AB-4FFB-465B-8847-28EF110CB80F}.Release|Any CPU.ActiveCfg = Release|Any CPU
		{F80750AB-4FFB-465B-8847-28EF110CB80F}.Release|Any CPU.Build.0 = Release|Any CPU
		{6EE05378-E58F-49A5-A399-B3C97473BE0E}.Debug|Any CPU.ActiveCfg = Debug|Any CPU
		{6EE05378-E58F-49A5-A399-B3C97473BE0E}.Debug|Any CPU.Build.0 = Debug|Any CPU
		{6EE05378-E58F-49A5-A399-B3C97473BE0E}.Release|Any CPU.ActiveCfg = Release|Any CPU
		{6EE05378-E58F-49A5-A399-B3C97473BE0E}.Release|Any CPU.Build.0 = Release|Any CPU
		{E2381DCD-C85E-409B-BC04-B83689879EDB}.Debug|Any CPU.ActiveCfg = Debug|Any CPU
		{E2381DCD-C85E-409B-BC04-B83689879EDB}.Debug|Any CPU.Build.0 = Debug|Any CPU
		{E2381DCD-C85E-409B-BC04-B83689879EDB}.Release|Any CPU.ActiveCfg = Release|Any CPU
		{E2381DCD-C85E-409B-BC04-B83689879EDB}.Release|Any CPU.Build.0 = Release|Any CPU
		{FB1BD749-DEF3-47AE-B99A-088309677724}.Debug|Any CPU.ActiveCfg = Debug|Any CPU
		{FB1BD749-DEF3-47AE-B99A-088309677724}.Debug|Any CPU.Build.0 = Debug|Any CPU
		{FB1BD749-DEF3-47AE-B99A-088309677724}.Release|Any CPU.ActiveCfg = Release|Any CPU
		{FB1BD749-DEF3-47AE-B99A-088309677724}.Release|Any CPU.Build.0 = Release|Any CPU
		{F4C8734D-BEB8-4A7E-925D-58DE1322D0C2}.Debug|Any CPU.ActiveCfg = Debug|Any CPU
		{F4C8734D-BEB8-4A7E-925D-58DE1322D0C2}.Debug|Any CPU.Build.0 = Debug|Any CPU
		{F4C8734D-BEB8-4A7E-925D-58DE1322D0C2}.Release|Any CPU.ActiveCfg = Release|Any CPU
		{F4C8734D-BEB8-4A7E-925D-58DE1322D0C2}.Release|Any CPU.Build.0 = Release|Any CPU
	EndGlobalSection
	GlobalSection(SolutionProperties) = preSolution
		HideSolutionNode = FALSE
	EndGlobalSection
	GlobalSection(NestedProjects) = preSolution
		{931C4F54-FAE4-48C4-BF33-EC1E14815CEF} = {8D82A8D0-A991-4F07-B921-0311F4444E0F}
		{F80750AB-4FFB-465B-8847-28EF110CB80F} = {71A6C56C-846A-4CD6-A46B-4CA10A5638B7}
		{6EE05378-E58F-49A5-A399-B3C97473BE0E} = {18A5EEE3-0C99-4983-9574-8DD137D7F386}
		{E2381DCD-C85E-409B-BC04-B83689879EDB} = {18A5EEE3-0C99-4983-9574-8DD137D7F386}
		{FB1BD749-DEF3-47AE-B99A-088309677724} = {71A6C56C-846A-4CD6-A46B-4CA10A5638B7}
		{F4C8734D-BEB8-4A7E-925D-58DE1322D0C2} = {D7979EA9-0323-4496-A6FE-87CBC9FFF20B}
	EndGlobalSection
	GlobalSection(ExtensibilityGlobals) = postSolution
		SolutionGuid = {E75106A6-59A9-4226-991A-2E4DE0FD08D1}
	EndGlobalSection
EndGlobal
